
Microsoft Visual Studio Solution File, Format Version 12.00
# Visual Studio 15
VisualStudioVersion = 15.0.27703.2042
MinimumVisualStudioVersion = 10.0.40219.1
Project("{FAE04EC0-301F-11D3-BF4B-00C04F79EFBC}") = "Formulario.Android", "Formulario\Formulario.Android\Formulario.Android.csproj", "{326CFF0D-0671-403D-9F30-705695BEAC9D}"
EndProject
Project("{FAE04EC0-301F-11D3-BF4B-00C04F79EFBC}") = "Formulario.iOS", "Formulario\Formulario.iOS\Formulario.iOS.csproj", "{D14309B6-2F55-4E67-A5D5-E15A71AB6EB6}"
EndProject
Project("{FAE04EC0-301F-11D3-BF4B-00C04F79EFBC}") = "Formulario", "Formulario\Formulario\Formulario.csproj", "{65D785AA-07B5-4F27-BA38-9AD68207C067}"
EndProject
Global
	GlobalSection(SolutionConfigurationPlatforms) = preSolution
		Ad-Hoc|Any CPU = Ad-Hoc|Any CPU
		Ad-Hoc|iPhone = Ad-Hoc|iPhone
		Ad-Hoc|iPhoneSimulator = Ad-Hoc|iPhoneSimulator
		AppStore|Any CPU = AppStore|Any CPU
		AppStore|iPhone = AppStore|iPhone
		AppStore|iPhoneSimulator = AppStore|iPhoneSimulator
		Debug|Any CPU = Debug|Any CPU
		Debug|iPhone = Debug|iPhone
		Debug|iPhoneSimulator = Debug|iPhoneSimulator
		Release|Any CPU = Release|Any CPU
		Release|iPhone = Release|iPhone
		Release|iPhoneSimulator = Release|iPhoneSimulator
	EndGlobalSection
	GlobalSection(ProjectConfigurationPlatforms) = postSolution
		{326CFF0D-0671-403D-9F30-705695BEAC9D}.Ad-Hoc|Any CPU.ActiveCfg = Release|Any CPU
		{326CFF0D-0671-403D-9F30-705695BEAC9D}.Ad-Hoc|Any CPU.Build.0 = Release|Any CPU
		{326CFF0D-0671-403D-9F30-705695BEAC9D}.Ad-Hoc|Any CPU.Deploy.0 = Release|Any CPU
		{326CFF0D-0671-403D-9F30-705695BEAC9D}.Ad-Hoc|iPhone.ActiveCfg = Release|Any CPU
		{326CFF0D-0671-403D-9F30-705695BEAC9D}.Ad-Hoc|iPhone.Build.0 = Release|Any CPU
		{326CFF0D-0671-403D-9F30-705695BEAC9D}.Ad-Hoc|iPhone.Deploy.0 = Release|Any CPU
		{326CFF0D-0671-403D-9F30-705695BEAC9D}.Ad-Hoc|iPhoneSimulator.ActiveCfg = Release|Any CPU
		{326CFF0D-0671-403D-9F30-705695BEAC9D}.Ad-Hoc|iPhoneSimulator.Build.0 = Release|Any CPU
		{326CFF0D-0671-403D-9F30-705695BEAC9D}.Ad-Hoc|iPhoneSimulator.Deploy.0 = Release|Any CPU
		{326CFF0D-0671-403D-9F30-705695BEAC9D}.AppStore|Any CPU.ActiveCfg = Release|Any CPU
		{326CFF0D-0671-403D-9F30-705695BEAC9D}.AppStore|Any CPU.Build.0 = Release|Any CPU
		{326CFF0D-0671-403D-9F30-705695BEAC9D}.AppStore|Any CPU.Deploy.0 = Release|Any CPU
		{326CFF0D-0671-403D-9F30-705695BEAC9D}.AppStore|iPhone.ActiveCfg = Release|Any CPU
		{326CFF0D-0671-403D-9F30-705695BEAC9D}.AppStore|iPhone.Build.0 = Release|Any CPU
		{326CFF0D-0671-403D-9F30-705695BEAC9D}.AppStore|iPhone.Deploy.0 = Release|Any CPU
		{326CFF0D-0671-403D-9F30-705695BEAC9D}.AppStore|iPhoneSimulator.ActiveCfg = Release|Any CPU
		{326CFF0D-0671-403D-9F30-705695BEAC9D}.AppStore|iPhoneSimulator.Build.0 = Release|Any CPU
		{326CFF0D-0671-403D-9F30-705695BEAC9D}.AppStore|iPhoneSimulator.Deploy.0 = Release|Any CPU
		{326CFF0D-0671-403D-9F30-705695BEAC9D}.Debug|Any CPU.ActiveCfg = Debug|Any CPU
		{326CFF0D-0671-403D-9F30-705695BEAC9D}.Debug|Any CPU.Build.0 = Debug|Any CPU
		{326CFF0D-0671-403D-9F30-705695BEAC9D}.Debug|Any CPU.Deploy.0 = Debug|Any CPU
		{326CFF0D-0671-403D-9F30-705695BEAC9D}.Debug|iPhone.ActiveCfg = Debug|Any CPU
		{326CFF0D-0671-403D-9F30-705695BEAC9D}.Debug|iPhone.Build.0 = Debug|Any CPU
		{326CFF0D-0671-403D-9F30-705695BEAC9D}.Debug|iPhone.Deploy.0 = Debug|Any CPU
		{326CFF0D-0671-403D-9F30-705695BEAC9D}.Debug|iPhoneSimulator.ActiveCfg = Debug|Any CPU
		{326CFF0D-0671-403D-9F30-705695BEAC9D}.Debug|iPhoneSimulator.Build.0 = Debug|Any CPU
		{326CFF0D-0671-403D-9F30-705695BEAC9D}.Debug|iPhoneSimulator.Deploy.0 = Debug|Any CPU
		{326CFF0D-0671-403D-9F30-705695BEAC9D}.Release|Any CPU.ActiveCfg = Release|Any CPU
		{326CFF0D-0671-403D-9F30-705695BEAC9D}.Release|Any CPU.Build.0 = Release|Any CPU
		{326CFF0D-0671-403D-9F30-705695BEAC9D}.Release|Any CPU.Deploy.0 = Release|Any CPU
		{326CFF0D-0671-403D-9F30-705695BEAC9D}.Release|iPhone.ActiveCfg = Release|Any CPU
		{326CFF0D-0671-403D-9F30-705695BEAC9D}.Release|iPhone.Build.0 = Release|Any CPU
		{326CFF0D-0671-403D-9F30-705695BEAC9D}.Release|iPhone.Deploy.0 = Release|Any CPU
		{326CFF0D-0671-403D-9F30-705695BEAC9D}.Release|iPhoneSimulator.ActiveCfg = Release|Any CPU
		{326CFF0D-0671-403D-9F30-705695BEAC9D}.Release|iPhoneSimulator.Build.0 = Release|Any CPU
		{326CFF0D-0671-403D-9F30-705695BEAC9D}.Release|iPhoneSimulator.Deploy.0 = Release|Any CPU
		{D14309B6-2F55-4E67-A5D5-E15A71AB6EB6}.Ad-Hoc|Any CPU.ActiveCfg = Ad-Hoc|iPhone
		{D14309B6-2F55-4E67-A5D5-E15A71AB6EB6}.Ad-Hoc|Any CPU.Build.0 = Ad-Hoc|iPhone
		{D14309B6-2F55-4E67-A5D5-E15A71AB6EB6}.Ad-Hoc|Any CPU.Deploy.0 = Ad-Hoc|iPhone
		{D14309B6-2F55-4E67-A5D5-E15A71AB6EB6}.Ad-Hoc|iPhone.ActiveCfg = Ad-Hoc|iPhone
		{D14309B6-2F55-4E67-A5D5-E15A71AB6EB6}.Ad-Hoc|iPhone.Build.0 = Ad-Hoc|iPhone
		{D14309B6-2F55-4E67-A5D5-E15A71AB6EB6}.Ad-Hoc|iPhone.Deploy.0 = Ad-Hoc|iPhone
		{D14309B6-2F55-4E67-A5D5-E15A71AB6EB6}.Ad-Hoc|iPhoneSimulator.ActiveCfg = Ad-Hoc|iPhoneSimulator
		{D14309B6-2F55-4E67-A5D5-E15A71AB6EB6}.Ad-Hoc|iPhoneSimulator.Build.0 = Ad-Hoc|iPhoneSimulator
		{D14309B6-2F55-4E67-A5D5-E15A71AB6EB6}.Ad-Hoc|iPhoneSimulator.Deploy.0 = Ad-Hoc|iPhoneSimulator
		{D14309B6-2F55-4E67-A5D5-E15A71AB6EB6}.AppStore|Any CPU.ActiveCfg = AppStore|iPhone
		{D14309B6-2F55-4E67-A5D5-E15A71AB6EB6}.AppStore|Any CPU.Build.0 = AppStore|iPhone
		{D14309B6-2F55-4E67-A5D5-E15A71AB6EB6}.AppStore|Any CPU.Deploy.0 = AppStore|iPhone
		{D14309B6-2F55-4E67-A5D5-E15A71AB6EB6}.AppStore|iPhone.ActiveCfg = AppStore|iPhone
		{D14309B6-2F55-4E67-A5D5-E15A71AB6EB6}.AppStore|iPhone.Build.0 = AppStore|iPhone
		{D14309B6-2F55-4E67-A5D5-E15A71AB6EB6}.AppStore|iPhone.Deploy.0 = AppStore|iPhone
		{D14309B6-2F55-4E67-A5D5-E15A71AB6EB6}.AppStore|iPhoneSimulator.ActiveCfg = AppStore|iPhoneSimulator
		{D14309B6-2F55-4E67-A5D5-E15A71AB6EB6}.AppStore|iPhoneSimulator.Build.0 = AppStore|iPhoneSimulator
		{D14309B6-2F55-4E67-A5D5-E15A71AB6EB6}.AppStore|iPhoneSimulator.Deploy.0 = AppStore|iPhoneSimulator
		{D14309B6-2F55-4E67-A5D5-E15A71AB6EB6}.Debug|Any CPU.ActiveCfg = Debug|iPhoneSimulator
		{D14309B6-2F55-4E67-A5D5-E15A71AB6EB6}.Debug|Any CPU.Build.0 = Debug|iPhoneSimulator
		{D14309B6-2F55-4E67-A5D5-E15A71AB6EB6}.Debug|Any CPU.Deploy.0 = Debug|iPhoneSimulator
		{D14309B6-2F55-4E67-A5D5-E15A71AB6EB6}.Debug|iPhone.ActiveCfg = Debug|iPhone
		{D14309B6-2F55-4E67-A5D5-E15A71AB6EB6}.Debug|iPhone.Build.0 = Debug|iPhone
		{D14309B6-2F55-4E67-A5D5-E15A71AB6EB6}.Debug|iPhone.Deploy.0 = Debug|iPhone
		{D14309B6-2F55-4E67-A5D5-E15A71AB6EB6}.Debug|iPhoneSimulator.ActiveCfg = Debug|iPhoneSimulator
		{D14309B6-2F55-4E67-A5D5-E15A71AB6EB6}.Debug|iPhoneSimulator.Build.0 = Debug|iPhoneSimulator
		{D14309B6-2F55-4E67-A5D5-E15A71AB6EB6}.Debug|iPhoneSimulator.Deploy.0 = Debug|iPhoneSimulator
		{D14309B6-2F55-4E67-A5D5-E15A71AB6EB6}.Release|Any CPU.ActiveCfg = Release|iPhone
		{D14309B6-2F55-4E67-A5D5-E15A71AB6EB6}.Release|Any CPU.Build.0 = Release|iPhone
		{D14309B6-2F55-4E67-A5D5-E15A71AB6EB6}.Release|Any CPU.Deploy.0 = Release|iPhone
		{D14309B6-2F55-4E67-A5D5-E15A71AB6EB6}.Release|iPhone.ActiveCfg = Release|iPhone
		{D14309B6-2F55-4E67-A5D5-E15A71AB6EB6}.Release|iPhone.Build.0 = Release|iPhone
		{D14309B6-2F55-4E67-A5D5-E15A71AB6EB6}.Release|iPhone.Deploy.0 = Release|iPhone
		{D14309B6-2F55-4E67-A5D5-E15A71AB6EB6}.Release|iPhoneSimulator.ActiveCfg = Release|iPhoneSimulator
		{D14309B6-2F55-4E67-A5D5-E15A71AB6EB6}.Release|iPhoneSimulator.Build.0 = Release|iPhoneSimulator
		{D14309B6-2F55-4E67-A5D5-E15A71AB6EB6}.Release|iPhoneSimulator.Deploy.0 = Release|iPhoneSimulator
		{65D785AA-07B5-4F27-BA38-9AD68207C067}.Ad-Hoc|Any CPU.ActiveCfg = Debug|Any CPU
		{65D785AA-07B5-4F27-BA38-9AD68207C067}.Ad-Hoc|Any CPU.Build.0 = Debug|Any CPU
		{65D785AA-07B5-4F27-BA38-9AD68207C067}.Ad-Hoc|Any CPU.Deploy.0 = Debug|Any CPU
		{65D785AA-07B5-4F27-BA38-9AD68207C067}.Ad-Hoc|iPhone.ActiveCfg = Debug|Any CPU
		{65D785AA-07B5-4F27-BA38-9AD68207C067}.Ad-Hoc|iPhone.Build.0 = Debug|Any CPU
		{65D785AA-07B5-4F27-BA38-9AD68207C067}.Ad-Hoc|iPhone.Deploy.0 = Debug|Any CPU
		{65D785AA-07B5-4F27-BA38-9AD68207C067}.Ad-Hoc|iPhoneSimulator.ActiveCfg = Debug|Any CPU
		{65D785AA-07B5-4F27-BA38-9AD68207C067}.Ad-Hoc|iPhoneSimulator.Build.0 = Debug|Any CPU
		{65D785AA-07B5-4F27-BA38-9AD68207C067}.Ad-Hoc|iPhoneSimulator.Deploy.0 = Debug|Any CPU
		{65D785AA-07B5-4F27-BA38-9AD68207C067}.AppStore|Any CPU.ActiveCfg = Debug|Any CPU
		{65D785AA-07B5-4F27-BA38-9AD68207C067}.AppStore|Any CPU.Build.0 = Debug|Any CPU
		{65D785AA-07B5-4F27-BA38-9AD68207C067}.AppStore|Any CPU.Deploy.0 = Debug|Any CPU
		{65D785AA-07B5-4F27-BA38-9AD68207C067}.AppStore|iPhone.ActiveCfg = Debug|Any CPU
		{65D785AA-07B5-4F27-BA38-9AD68207C067}.AppStore|iPhone.Build.0 = Debug|Any CPU
		{65D785AA-07B5-4F27-BA38-9AD68207C067}.AppStore|iPhone.Deploy.0 = Debug|Any CPU
		{65D785AA-07B5-4F27-BA38-9AD68207C067}.AppStore|iPhoneSimulator.ActiveCfg = Debug|Any CPU
		{65D785AA-07B5-4F27-BA38-9AD68207C067}.AppStore|iPhoneSimulator.Build.0 = Debug|Any CPU
		{65D785AA-07B5-4F27-BA38-9AD68207C067}.AppStore|iPhoneSimulator.Deploy.0 = Debug|Any CPU
		{65D785AA-07B5-4F27-BA38-9AD68207C067}.Debug|Any CPU.ActiveCfg = Debug|Any CPU
		{65D785AA-07B5-4F27-BA38-9AD68207C067}.Debug|Any CPU.Build.0 = Debug|Any CPU
		{65D785AA-07B5-4F27-BA38-9AD68207C067}.Debug|Any CPU.Deploy.0 = Debug|Any CPU
		{65D785AA-07B5-4F27-BA38-9AD68207C067}.Debug|iPhone.ActiveCfg = Debug|Any CPU
		{65D785AA-07B5-4F27-BA38-9AD68207C067}.Debug|iPhone.Build.0 = Debug|Any CPU
		{65D785AA-07B5-4F27-BA38-9AD68207C067}.Debug|iPhone.Deploy.0 = Debug|Any CPU
		{65D785AA-07B5-4F27-BA38-9AD68207C067}.Debug|iPhoneSimulator.ActiveCfg = Debug|Any CPU
		{65D785AA-07B5-4F27-BA38-9AD68207C067}.Debug|iPhoneSimulator.Build.0 = Debug|Any CPU
		{65D785AA-07B5-4F27-BA38-9AD68207C067}.Debug|iPhoneSimulator.Deploy.0 = Debug|Any CPU
		{65D785AA-07B5-4F27-BA38-9AD68207C067}.Release|Any CPU.ActiveCfg = Release|Any CPU
		{65D785AA-07B5-4F27-BA38-9AD68207C067}.Release|Any CPU.Build.0 = Release|Any CPU
		{65D785AA-07B5-4F27-BA38-9AD68207C067}.Release|Any CPU.Deploy.0 = Release|Any CPU
		{65D785AA-07B5-4F27-BA38-9AD68207C067}.Release|iPhone.ActiveCfg = Release|Any CPU
		{65D785AA-07B5-4F27-BA38-9AD68207C067}.Release|iPhone.Build.0 = Release|Any CPU
		{65D785AA-07B5-4F27-BA38-9AD68207C067}.Release|iPhone.Deploy.0 = Release|Any CPU
		{65D785AA-07B5-4F27-BA38-9AD68207C067}.Release|iPhoneSimulator.ActiveCfg = Release|Any CPU
		{65D785AA-07B5-4F27-BA38-9AD68207C067}.Release|iPhoneSimulator.Build.0 = Release|Any CPU
		{65D785AA-07B5-4F27-BA38-9AD68207C067}.Release|iPhoneSimulator.Deploy.0 = Release|Any CPU
	EndGlobalSection
	GlobalSection(SolutionProperties) = preSolution
		HideSolutionNode = FALSE
	EndGlobalSection
	GlobalSection(ExtensibilityGlobals) = postSolution
		SolutionGuid = {7D5F7CCC-1668-445A-8E7C-494A9DECEED0}
	EndGlobalSection
EndGlobal
